<?xml version="1.0" encoding="utf-8"?>
<Project ToolsVersion="4.0" xmlns="http://schemas.microsoft.com/developer/msbuild/2003">
  <ItemGroup>
    <Filter Include="Source Files">
      <UniqueIdentifier>{4FC737F1-C7A5-4376-A066-2A32D752A2FF}</UniqueIdentifier>
      <Extensions>cpp;c;cc;cxx;def;odl;idl;hpj;bat;asm;asmx</Extensions>
    </Filter>
    <Filter Include="Header Files">
      <UniqueIdentifier>{93995380-89BD-4b04-88EB-625FBE52EBFB}</UniqueIdentifier>
      <Extensions>h;hh;hpp;hxx;hm;inl;inc;xsd</Extensions>
    </Filter>
    <Filter Include="Resource Files">
      <UniqueIdentifier>{67DA6AB6-F800-4c08-8B7A-83BB121AAD01}</UniqueIdentifier>
      <Extensions>rc;ico;cur;bmp;dlg;rc2;rct;bin;rgs;gif;jpg;jpeg;jpe;resx;tiff;tif;png;wav</Extensions>
    </Filter>
  </ItemGroup>
  <ItemGroup>
    <ClCompile Include="cmake-build-debug\cmakefiles\feature_tests.c">
      <Filter>Source Files</Filter>
    </ClCompile>
    <ClCompile Include="cmake-build-debug\cmakefiles\3.10.3\compileridc\CMakeCCompilerId.c">
      <Filter>Source Files</Filter>
    </ClCompile>
    <ClCompile Include="cmake-build-debug\cmakefiles\3.10.3\compileridcxx\CMakeCXXCompilerId.cpp">
      <Filter>Source Files</Filter>
    </ClCompile>
    <ClCompile Include="cmake-build-debug-mingw\cmakefiles\feature_tests.c">
      <Filter>Source Files</Filter>
    </ClCompile>
    <ClCompile Include="cmake-build-debug-mingw\cmakefiles\3.10.3\compileridc\CMakeCCompilerId.c">
      <Filter>Source Files</Filter>
    </ClCompile>
    <ClCompile Include="cmake-build-debug-mingw\cmakefiles\3.10.3\compileridcxx\CMakeCXXCompilerId.cpp">
      <Filter>Source Files</Filter>
    </ClCompile>
    <ClCompile Include="ex1\Cell.cpp">
      <Filter>Source Files</Filter>
    </ClCompile>
    <ClCompile Include="ex1\main.cpp">
      <Filter>Source Files</Filter>
    </ClCompile>
    <ClCompile Include="ex1\Player.cpp">
      <Filter>Source Files</Filter>
    </ClCompile>
    <ClCompile Include="ex1\RPSgame.cpp">
      <Filter>Source Files</Filter>
    </ClCompile>
    <ClCompile Include="ex1\RPSgameManager.cpp">
      <Filter>Source Files</Filter>
    </ClCompile>
    <ClCompile Include="ex2\AIBoard.cpp">
      <Filter>Source Files</Filter>
    </ClCompile>
    <ClCompile Include="ex2\AICell.cpp">
      <Filter>Source Files</Filter>
    </ClCompile>
    <ClCompile Include="ex2\AutoPlayerAlgorithm.cpp">
      <Filter>Source Files</Filter>
    </ClCompile>
    <ClCompile Include="ex2\AutoPlayerDao.cpp">
      <Filter>Source Files</Filter>
    </ClCompile>
    <ClCompile Include="ex2\Cell.cpp">
      <Filter>Source Files</Filter>
    </ClCompile>
    <ClCompile Include="ex2\FilePlayerAlgorithm.cpp">
      <Filter>Source Files</Filter>
    </ClCompile>
    <ClCompile Include="ex2\main.cpp">
      <Filter>Source Files</Filter>
    </ClCompile>
    <ClCompile Include="ex2\Player.cpp">
      <Filter>Source Files</Filter>
    </ClCompile>
    <ClCompile Include="ex2\RPSBoard.cpp">
      <Filter>Source Files</Filter>
    </ClCompile>
    <ClCompile Include="ex2\RPSFight.cpp">
      <Filter>Source Files</Filter>
    </ClCompile>
    <ClCompile Include="ex2\RPSGame.cpp">
      <Filter>Source Files</Filter>
    </ClCompile>
    <ClCompile Include="ex2\RPSJokerChange.cpp">
      <Filter>Source Files</Filter>
    </ClCompile>
    <ClCompile Include="ex2\RPSMove.cpp">
      <Filter>Source Files</Filter>
    </ClCompile>
    <ClCompile Include="ex2\RPSPiecePosition.cpp">
      <Filter>Source Files</Filter>
    </ClCompile>
    <ClCompile Include="ex2\RPSpoint.cpp">
      <Filter>Source Files</Filter>
    </ClCompile>
  </ItemGroup>
  <ItemGroup>
    <ClInclude Include="ex1\Cell.h">
      <Filter>Header Files</Filter>
    </ClInclude>
    <ClInclude Include="ex1\Constants.h">
      <Filter>Header Files</Filter>
    </ClInclude>
    <ClInclude Include="ex1\Player.h">
      <Filter>Header Files</Filter>
    </ClInclude>
    <ClInclude Include="ex1\RPSgame.h">
      <Filter>Header Files</Filter>
    </ClInclude>
    <ClInclude Include="ex1\RPSgameManager.h">
      <Filter>Header Files</Filter>
    </ClInclude>
    <ClInclude Include="ex2\AIBoard.h">
      <Filter>Header Files</Filter>
    </ClInclude>
    <ClInclude Include="ex2\AICell.h">
      <Filter>Header Files</Filter>
    </ClInclude>
    <ClInclude Include="ex2\AutoPlayerAlgorithm.h">
      <Filter>Header Files</Filter>
    </ClInclude>
    <ClInclude Include="ex2\AutoPlayerDao.h">
      <Filter>Header Files</Filter>
    </ClInclude>
    <ClInclude Include="ex2\Board.h">
      <Filter>Header Files</Filter>
    </ClInclude>
    <ClInclude Include="ex2\Cell.h">
      <Filter>Header Files</Filter>
    </ClInclude>
    <ClInclude Include="ex2\Constants.h">
      <Filter>Header Files</Filter>
    </ClInclude>
    <ClInclude Include="ex2\FightInfo.h">
      <Filter>Header Files</Filter>
    </ClInclude>
    <ClInclude Include="ex2\FilePlayerAlgorithm.h">
      <Filter>Header Files</Filter>
    </ClInclude>
    <ClInclude Include="ex2\JokerChange.h">
      <Filter>Header Files</Filter>
    </ClInclude>
    <ClInclude Include="ex2\Move.h">
      <Filter>Header Files</Filter>
    </ClInclude>
    <ClInclude Include="ex2\PiecePosition.h">
      <Filter>Header Files</Filter>
    </ClInclude>
    <ClInclude Include="ex2\Player.h">
      <Filter>Header Files</Filter>
    </ClInclude>
    <ClInclude Include="ex2\PlayerAlgorithm.h">
      <Filter>Header Files</Filter>
    </ClInclude>
    <ClInclude Include="ex2\Point.h">
      <Filter>Header Files</Filter>
    </ClInclude>
    <ClInclude Include="ex2\RPSBoard.h">
      <Filter>Header Files</Filter>
    </ClInclude>
    <ClInclude Include="ex2\RPSFight.h">
      <Filter>Header Files</Filter>
    </ClInclude>
    <ClInclude Include="ex2\RPSGame.h">
      <Filter>Header Files</Filter>
    </ClInclude>
    <ClInclude Include="ex2\RPSJokerChange.h">
      <Filter>Header Files</Filter>
    </ClInclude>
    <ClInclude Include="ex2\RPSMove.h">
      <Filter>Header Files</Filter>
    </ClInclude>
    <ClInclude Include="ex2\RPSPiecePosition.h">
      <Filter>Header Files</Filter>
    </ClInclude>
    <ClInclude Include="ex2\RPSpoint.h">
      <Filter>Header Files</Filter>
    </ClInclude>
  </ItemGroup>
  <ItemGroup>
    <None Include="cmake-build-debug\cmakefiles\feature_tests.bin">
      <Filter>Resource Files</Filter>
    </None>
    <None Include="cmake-build-debug\cmakefiles\3.10.3\CMakeDetermineCompilerABI_C.bin">
      <Filter>Resource Files</Filter>
    </None>
    <None Include="cmake-build-debug-mingw\cmakefiles\feature_tests.bin">
      <Filter>Resource Files</Filter>
    </None>
    <None Include="cmake-build-debug-mingw\cmakefiles\3.10.3\CMakeDetermineCompilerABI_C.bin">
      <Filter>Resource Files</Filter>
    </None>
  </ItemGroup>
</Project>